
Microsoft Visual Studio Solution File, Format Version 12.00
# Visual Studio Version 17
VisualStudioVersion = 17.12.35707.178
MinimumVisualStudioVersion = 10.0.40219.1
Project("{2150E333-8FDC-42A3-9474-1A3956D46DE8}") = "1_List", "1_List", "{D303E4FB-4B82-4FCE-BD81-AFFE929F5A11}"
EndProject
Project("{2150E333-8FDC-42A3-9474-1A3956D46DE8}") = "2_Queue", "2_Queue", "{0E19A382-A713-43B8-8961-3DB168EB5F1E}"
EndProject
Project("{FAE04EC0-301F-11D3-BF4B-00C04F79EFBC}") = "C#_List", "List_1\C#_List_1\C#_List.csproj", "{6E53535C-4784-4646-B3A6-83F766D1E5B2}"
EndProject
Project("{888888A0-9F3D-457C-B088-3A5042F75D52}") = "Python_List", "List_1\Python_List_1\Python_List.pyproj", "{850840E5-EF1B-44E9-AD06-13321A82E38E}"
EndProject
Project("{FAE04EC0-301F-11D3-BF4B-00C04F79EFBC}") = "C#_Queue", "Queue_2\C#_Queue_2\C#_Queue.csproj", "{2B012481-FE41-4653-91B6-7AF06FB0C745}"
EndProject
Project("{888888A0-9F3D-457C-B088-3A5042F75D52}") = "Python_Queue", "Queue_2\Python_Queue_2\Python_Queue.pyproj", "{488C5545-6F6D-4A4E-A6EF-CBC2A1BFEAE0}"
EndProject
Global
	GlobalSection(SolutionConfigurationPlatforms) = preSolution
		Debug|Any CPU = Debug|Any CPU
		Release|Any CPU = Release|Any CPU
	EndGlobalSection
	GlobalSection(ProjectConfigurationPlatforms) = postSolution
		{6E53535C-4784-4646-B3A6-83F766D1E5B2}.Debug|Any CPU.ActiveCfg = Debug|Any CPU
		{6E53535C-4784-4646-B3A6-83F766D1E5B2}.Debug|Any CPU.Build.0 = Debug|Any CPU
		{6E53535C-4784-4646-B3A6-83F766D1E5B2}.Release|Any CPU.ActiveCfg = Release|Any CPU
		{6E53535C-4784-4646-B3A6-83F766D1E5B2}.Release|Any CPU.Build.0 = Release|Any CPU
		{850840E5-EF1B-44E9-AD06-13321A82E38E}.Debug|Any CPU.ActiveCfg = Debug|Any CPU
		{850840E5-EF1B-44E9-AD06-13321A82E38E}.Release|Any CPU.ActiveCfg = Release|Any CPU
		{2B012481-FE41-4653-91B6-7AF06FB0C745}.Debug|Any CPU.ActiveCfg = Debug|Any CPU
		{2B012481-FE41-4653-91B6-7AF06FB0C745}.Debug|Any CPU.Build.0 = Debug|Any CPU
		{2B012481-FE41-4653-91B6-7AF06FB0C745}.Release|Any CPU.ActiveCfg = Release|Any CPU
		{2B012481-FE41-4653-91B6-7AF06FB0C745}.Release|Any CPU.Build.0 = Release|Any CPU
		{488C5545-6F6D-4A4E-A6EF-CBC2A1BFEAE0}.Debug|Any CPU.ActiveCfg = Debug|Any CPU
		{488C5545-6F6D-4A4E-A6EF-CBC2A1BFEAE0}.Release|Any CPU.ActiveCfg = Release|Any CPU
	EndGlobalSection
	GlobalSection(SolutionProperties) = preSolution
		HideSolutionNode = FALSE
	EndGlobalSection
	GlobalSection(NestedProjects) = preSolution
		{6E53535C-4784-4646-B3A6-83F766D1E5B2} = {D303E4FB-4B82-4FCE-BD81-AFFE929F5A11}
		{850840E5-EF1B-44E9-AD06-13321A82E38E} = {D303E4FB-4B82-4FCE-BD81-AFFE929F5A11}
		{2B012481-FE41-4653-91B6-7AF06FB0C745} = {0E19A382-A713-43B8-8961-3DB168EB5F1E}
		{488C5545-6F6D-4A4E-A6EF-CBC2A1BFEAE0} = {0E19A382-A713-43B8-8961-3DB168EB5F1E}
	EndGlobalSection
EndGlobal
